
Microsoft Visual Studio Solution File, Format Version 12.00
# Visual Studio 14
VisualStudioVersion = 14.0.25420.1
MinimumVisualStudioVersion = 10.0.40219.1
Project("{E24C65DC-7377-472B-9ABA-BC803B73C61A}") = "ExercisePersonalWebsite", "..\..\WebSites\ExercisePersonalWebsite\", "{A1D9CCF2-EEDF-48FA-BEA1-CFC5830A3D9B}"
	ProjectSection(WebsiteProperties) = preProject
		TargetFrameworkMoniker = ".NETFramework,Version%3Dv4.5.2"
		Debug.AspNetCompiler.VirtualPath = "/localhost_51511"
		Debug.AspNetCompiler.PhysicalPath = "..\..\WebSites\ExercisePersonalWebsite\"
		Debug.AspNetCompiler.TargetPath = "PrecompiledWeb\localhost_51511\"
		Debug.AspNetCompiler.Updateable = "true"
		Debug.AspNetCompiler.ForceOverwrite = "true"
		Debug.AspNetCompiler.FixedNames = "false"
		Debug.AspNetCompiler.Debug = "True"
		Release.AspNetCompiler.VirtualPath = "/localhost_51511"
		Release.AspNetCompiler.PhysicalPath = "..\..\WebSites\ExercisePersonalWebsite\"
		Release.AspNetCompiler.TargetPath = "PrecompiledWeb\localhost_51511\"
		Release.AspNetCompiler.Updateable = "true"
		Release.AspNetCompiler.ForceOverwrite = "true"
		Release.AspNetCompiler.FixedNames = "false"
		Release.AspNetCompiler.Debug = "False"
		VWDPort = "51511"
		SlnRelativePath = "..\..\WebSites\ExercisePersonalWebsite\"
		DefaultWebSiteLanguage = "Visual C#"
	EndProjectSection
EndProject
Global
	GlobalSection(SolutionConfigurationPlatforms) = preSolution
		Debug|Any CPU = Debug|Any CPU
	EndGlobalSection
	GlobalSection(ProjectConfigurationPlatforms) = postSolution
		{A1D9CCF2-EEDF-48FA-BEA1-CFC5830A3D9B}.Debug|Any CPU.ActiveCfg = Debug|Any CPU
		{A1D9CCF2-EEDF-48FA-BEA1-CFC5830A3D9B}.Debug|Any CPU.Build.0 = Debug|Any CPU
	EndGlobalSection
	GlobalSection(SolutionProperties) = preSolution
		HideSolutionNode = FALSE
	EndGlobalSection
EndGlobal
